
Microsoft Visual Studio Solution File, Format Version 12.00
# Visual Studio 15
Project("{FAE04EC0-301F-11D3-BF4B-00C04F79EFBC}") = "Joystick", "Joystick.csproj", "{B5439728-C593-4BC8-76C0-BE080F60F3BC}"
EndProject
Project("{FAE04EC0-301F-11D3-BF4B-00C04F79EFBC}") = "Assembly-CSharp", "Assembly-CSharp.csproj", "{708F7866-3372-D939-1DF5-29CAD8487187}"
EndProject
Project("{FAE04EC0-301F-11D3-BF4B-00C04F79EFBC}") = "Hieki.AI", "Hieki.AI.csproj", "{13FF2CC1-DEB9-9387-DFB1-3CE70E825F06}"
EndProject
Project("{FAE04EC0-301F-11D3-BF4B-00C04F79EFBC}") = "Assembly-CSharp-Editor", "Assembly-CSharp-Editor.csproj", "{9AE6026E-819D-0732-CC46-E80AC6783698}"
EndProject
Project("{FAE04EC0-301F-11D3-BF4B-00C04F79EFBC}") = "LeanTween", "LeanTween.csproj", "{C2BA3288-3120-6940-6F91-D794E99AE7C8}"
EndProject
Project("{FAE04EC0-301F-11D3-BF4B-00C04F79EFBC}") = "Hieki.Utils", "Hieki.Utils.csproj", "{CF980A4B-2D35-BE30-03EC-E2A6DF87C0C4}"
EndProject
Project("{FAE04EC0-301F-11D3-BF4B-00C04F79EFBC}") = "QuickOutline", "QuickOutline.csproj", "{0401955F-E826-1162-837A-AF901F202A11}"
EndProject
Global
	GlobalSection(SolutionConfigurationPlatforms) = preSolution
		Debug|Any CPU = Debug|Any CPU
		Release|Any CPU = Release|Any CPU
	EndGlobalSection
	GlobalSection(ProjectConfigurationPlatforms) = postSolution
		{B5439728-C593-4BC8-76C0-BE080F60F3BC}.Debug|Any CPU.ActiveCfg = Debug|Any CPU
		{B5439728-C593-4BC8-76C0-BE080F60F3BC}.Debug|Any CPU.Build.0 = Debug|Any CPU
		{B5439728-C593-4BC8-76C0-BE080F60F3BC}.Release|Any CPU.ActiveCfg = Release|Any CPU
		{B5439728-C593-4BC8-76C0-BE080F60F3BC}.Release|Any CPU.Build.0 = Release|Any CPU
		{708F7866-3372-D939-1DF5-29CAD8487187}.Debug|Any CPU.ActiveCfg = Debug|Any CPU
		{708F7866-3372-D939-1DF5-29CAD8487187}.Debug|Any CPU.Build.0 = Debug|Any CPU
		{708F7866-3372-D939-1DF5-29CAD8487187}.Release|Any CPU.ActiveCfg = Release|Any CPU
		{708F7866-3372-D939-1DF5-29CAD8487187}.Release|Any CPU.Build.0 = Release|Any CPU
		{13FF2CC1-DEB9-9387-DFB1-3CE70E825F06}.Debug|Any CPU.ActiveCfg = Debug|Any CPU
		{13FF2CC1-DEB9-9387-DFB1-3CE70E825F06}.Debug|Any CPU.Build.0 = Debug|Any CPU
		{13FF2CC1-DEB9-9387-DFB1-3CE70E825F06}.Release|Any CPU.ActiveCfg = Release|Any CPU
		{13FF2CC1-DEB9-9387-DFB1-3CE70E825F06}.Release|Any CPU.Build.0 = Release|Any CPU
		{9AE6026E-819D-0732-CC46-E80AC6783698}.Debug|Any CPU.ActiveCfg = Debug|Any CPU
		{9AE6026E-819D-0732-CC46-E80AC6783698}.Debug|Any CPU.Build.0 = Debug|Any CPU
		{9AE6026E-819D-0732-CC46-E80AC6783698}.Release|Any CPU.ActiveCfg = Release|Any CPU
		{9AE6026E-819D-0732-CC46-E80AC6783698}.Release|Any CPU.Build.0 = Release|Any CPU
		{C2BA3288-3120-6940-6F91-D794E99AE7C8}.Debug|Any CPU.ActiveCfg = Debug|Any CPU
		{C2BA3288-3120-6940-6F91-D794E99AE7C8}.Debug|Any CPU.Build.0 = Debug|Any CPU
		{C2BA3288-3120-6940-6F91-D794E99AE7C8}.Release|Any CPU.ActiveCfg = Release|Any CPU
		{C2BA3288-3120-6940-6F91-D794E99AE7C8}.Release|Any CPU.Build.0 = Release|Any CPU
		{CF980A4B-2D35-BE30-03EC-E2A6DF87C0C4}.Debug|Any CPU.ActiveCfg = Debug|Any CPU
		{CF980A4B-2D35-BE30-03EC-E2A6DF87C0C4}.Debug|Any CPU.Build.0 = Debug|Any CPU
		{CF980A4B-2D35-BE30-03EC-E2A6DF87C0C4}.Release|Any CPU.ActiveCfg = Release|Any CPU
		{CF980A4B-2D35-BE30-03EC-E2A6DF87C0C4}.Release|Any CPU.Build.0 = Release|Any CPU
		{0401955F-E826-1162-837A-AF901F202A11}.Debug|Any CPU.ActiveCfg = Debug|Any CPU
		{0401955F-E826-1162-837A-AF901F202A11}.Debug|Any CPU.Build.0 = Debug|Any CPU
		{0401955F-E826-1162-837A-AF901F202A11}.Release|Any CPU.ActiveCfg = Release|Any CPU
		{0401955F-E826-1162-837A-AF901F202A11}.Release|Any CPU.Build.0 = Release|Any CPU
	EndGlobalSection
	GlobalSection(SolutionProperties) = preSolution
		HideSolutionNode = FALSE
	EndGlobalSection
EndGlobal
